
Microsoft Visual Studio Solution File, Format Version 12.00
# Visual Studio Version 17
VisualStudioVersion = 17.11.35327.3
MinimumVisualStudioVersion = 10.0.40219.1
Project("{8BC9CEB8-8B4A-11D0-8D11-00A0C91BC942}") = "my_openssl_kits", "my_openssl_kits\my_openssl_kits.vcxproj", "{16D89691-45F2-4F16-B26A-62D59EEAB5A0}"
EndProject
Global
	GlobalSection(SolutionConfigurationPlatforms) = preSolution
		Debug|x64 = Debug|x64
		Debug|x86 = Debug|x86
		Release|x64 = Release|x64
		Release|x86 = Release|x86
	EndGlobalSection
	GlobalSection(ProjectConfigurationPlatforms) = postSolution
		{16D89691-45F2-4F16-B26A-62D59EEAB5A0}.Debug|x64.ActiveCfg = Debug|x64
		{16D89691-45F2-4F16-B26A-62D59EEAB5A0}.Debug|x64.Build.0 = Debug|x64
		{16D89691-45F2-4F16-B26A-62D59EEAB5A0}.Debug|x86.ActiveCfg = Debug|Win32
		{16D89691-45F2-4F16-B26A-62D59EEAB5A0}.Debug|x86.Build.0 = Debug|Win32
		{16D89691-45F2-4F16-B26A-62D59EEAB5A0}.Release|x64.ActiveCfg = Release|x64
		{16D89691-45F2-4F16-B26A-62D59EEAB5A0}.Release|x64.Build.0 = Release|x64
		{16D89691-45F2-4F16-B26A-62D59EEAB5A0}.Release|x86.ActiveCfg = Release|Win32
		{16D89691-45F2-4F16-B26A-62D59EEAB5A0}.Release|x86.Build.0 = Release|Win32
	EndGlobalSection
	GlobalSection(SolutionProperties) = preSolution
		HideSolutionNode = FALSE
	EndGlobalSection
	GlobalSection(ExtensibilityGlobals) = postSolution
		SolutionGuid = {07844B3E-24F6-44AA-BA4F-CAD4B4CACF48}
	EndGlobalSection
EndGlobal
